
Microsoft Visual Studio Solution File, Format Version 12.00
# Visual Studio Version 17
VisualStudioVersion = 17.13.35931.197 d17.13
MinimumVisualStudioVersion = 10.0.40219.1
Project("{FAE04EC0-301F-11D3-BF4B-00C04F79EFBC}") = "CopilotExtension.Custom", "CopilotExtension.Custom\CopilotExtension.Custom.csproj", "{5BEA9774-4D89-4552-93A3-94E96068EA3C}"
EndProject
Global
	GlobalSection(SolutionConfigurationPlatforms) = preSolution
		Debug|Any CPU = Debug|Any CPU
		Release|Any CPU = Release|Any CPU
	EndGlobalSection
	GlobalSection(ProjectConfigurationPlatforms) = postSolution
		{5BEA9774-4D89-4552-93A3-94E96068EA3C}.Debug|Any CPU.ActiveCfg = Debug|Any CPU
		{5BEA9774-4D89-4552-93A3-94E96068EA3C}.Debug|Any CPU.Build.0 = Debug|Any CPU
		{5BEA9774-4D89-4552-93A3-94E96068EA3C}.Release|Any CPU.ActiveCfg = Release|Any CPU
		{5BEA9774-4D89-4552-93A3-94E96068EA3C}.Release|Any CPU.Build.0 = Release|Any CPU
	EndGlobalSection
	GlobalSection(SolutionProperties) = preSolution
		HideSolutionNode = FALSE
	EndGlobalSection
	GlobalSection(ExtensibilityGlobals) = postSolution
		SolutionGuid = {52AE3637-A2B0-4159-BB27-D6950FD81324}
	EndGlobalSection
EndGlobal
